
Microsoft Visual Studio Solution File, Format Version 12.00
# Visual Studio Version 17
VisualStudioVersion = 17.10.35122.118
MinimumVisualStudioVersion = 10.0.40219.1
Project("{9A19103F-16F7-4668-BE54-9A1E7A4F7556}") = "SsoManagerBlazor", "Presentation\SsoManagerBlazor\SsoManagerBlazor.csproj", "{7B7E1618-FC8E-460D-9CB8-9035EDCA09D1}"
EndProject
Project("{9A19103F-16F7-4668-BE54-9A1E7A4F7556}") = "Application", "Application\Application.csproj", "{18ECAD10-43C2-4611-96C7-B2006708D6E2}"
EndProject
Project("{9A19103F-16F7-4668-BE54-9A1E7A4F7556}") = "Domain", "Domain\Domain.csproj", "{C8ABEF2D-EC62-4819-B82B-B23FEDAF7A11}"
EndProject
Project("{9A19103F-16F7-4668-BE54-9A1E7A4F7556}") = "Infrastructure", "Infrastructure\Infrastructure.csproj", "{7BFCFDA3-E713-4880-9EA3-1B042B6FA13B}"
EndProject
Project("{9A19103F-16F7-4668-BE54-9A1E7A4F7556}") = "SsoManagerApi", "Presentation\SsoManagerApi\SsoManagerApi.csproj", "{A3D4B1A1-10CF-4989-96FA-B1FF5AB0179F}"
EndProject
Global
	GlobalSection(SolutionConfigurationPlatforms) = preSolution
		Debug|Any CPU = Debug|Any CPU
		Release|Any CPU = Release|Any CPU
	EndGlobalSection
	GlobalSection(ProjectConfigurationPlatforms) = postSolution
		{7B7E1618-FC8E-460D-9CB8-9035EDCA09D1}.Debug|Any CPU.ActiveCfg = Debug|Any CPU
		{7B7E1618-FC8E-460D-9CB8-9035EDCA09D1}.Debug|Any CPU.Build.0 = Debug|Any CPU
		{7B7E1618-FC8E-460D-9CB8-9035EDCA09D1}.Release|Any CPU.ActiveCfg = Release|Any CPU
		{7B7E1618-FC8E-460D-9CB8-9035EDCA09D1}.Release|Any CPU.Build.0 = Release|Any CPU
		{18ECAD10-43C2-4611-96C7-B2006708D6E2}.Debug|Any CPU.ActiveCfg = Debug|Any CPU
		{18ECAD10-43C2-4611-96C7-B2006708D6E2}.Debug|Any CPU.Build.0 = Debug|Any CPU
		{18ECAD10-43C2-4611-96C7-B2006708D6E2}.Release|Any CPU.ActiveCfg = Release|Any CPU
		{18ECAD10-43C2-4611-96C7-B2006708D6E2}.Release|Any CPU.Build.0 = Release|Any CPU
		{C8ABEF2D-EC62-4819-B82B-B23FEDAF7A11}.Debug|Any CPU.ActiveCfg = Debug|Any CPU
		{C8ABEF2D-EC62-4819-B82B-B23FEDAF7A11}.Debug|Any CPU.Build.0 = Debug|Any CPU
		{C8ABEF2D-EC62-4819-B82B-B23FEDAF7A11}.Release|Any CPU.ActiveCfg = Release|Any CPU
		{C8ABEF2D-EC62-4819-B82B-B23FEDAF7A11}.Release|Any CPU.Build.0 = Release|Any CPU
		{7BFCFDA3-E713-4880-9EA3-1B042B6FA13B}.Debug|Any CPU.ActiveCfg = Debug|Any CPU
		{7BFCFDA3-E713-4880-9EA3-1B042B6FA13B}.Debug|Any CPU.Build.0 = Debug|Any CPU
		{7BFCFDA3-E713-4880-9EA3-1B042B6FA13B}.Release|Any CPU.ActiveCfg = Release|Any CPU
		{7BFCFDA3-E713-4880-9EA3-1B042B6FA13B}.Release|Any CPU.Build.0 = Release|Any CPU
		{A3D4B1A1-10CF-4989-96FA-B1FF5AB0179F}.Debug|Any CPU.ActiveCfg = Debug|Any CPU
		{A3D4B1A1-10CF-4989-96FA-B1FF5AB0179F}.Debug|Any CPU.Build.0 = Debug|Any CPU
		{A3D4B1A1-10CF-4989-96FA-B1FF5AB0179F}.Release|Any CPU.ActiveCfg = Release|Any CPU
		{A3D4B1A1-10CF-4989-96FA-B1FF5AB0179F}.Release|Any CPU.Build.0 = Release|Any CPU
	EndGlobalSection
	GlobalSection(SolutionProperties) = preSolution
		HideSolutionNode = FALSE
	EndGlobalSection
	GlobalSection(ExtensibilityGlobals) = postSolution
		SolutionGuid = {844B553C-C75F-4C40-A635-04999B70EF41}
	EndGlobalSection
EndGlobal
